
Microsoft Visual Studio Solution File, Format Version 12.00
# Visual Studio Version 17
VisualStudioVersion = 17.8.34309.116
MinimumVisualStudioVersion = 10.0.40219.1
Project("{9A19103F-16F7-4668-BE54-9A1E7A4F7556}") = "RestoApp", "RestoApp.csproj", "{DF50C14F-B343-46FD-9310-62EB09B8F3F8}"
EndProject
Project("{9A19103F-16F7-4668-BE54-9A1E7A4F7556}") = "TestRestoApp", "..\TestRestoApp\TestRestoApp.csproj", "{D3FD629E-74A3-4245-AA3C-CF2AA20BB2B7}"
EndProject
Project("{FAE04EC0-301F-11D3-BF4B-00C04F79EFBC}") = "AppRestoForm", "..\AppRestoForm\AppRestoForm.csproj", "{F6FDC715-556F-4E14-B613-7B1B5B19896C}"
EndProject
Global
	GlobalSection(SolutionConfigurationPlatforms) = preSolution
		Debug|Any CPU = Debug|Any CPU
		Release|Any CPU = Release|Any CPU
	EndGlobalSection
	GlobalSection(ProjectConfigurationPlatforms) = postSolution
		{DF50C14F-B343-46FD-9310-62EB09B8F3F8}.Debug|Any CPU.ActiveCfg = Debug|Any CPU
		{DF50C14F-B343-46FD-9310-62EB09B8F3F8}.Debug|Any CPU.Build.0 = Debug|Any CPU
		{DF50C14F-B343-46FD-9310-62EB09B8F3F8}.Release|Any CPU.ActiveCfg = Release|Any CPU
		{DF50C14F-B343-46FD-9310-62EB09B8F3F8}.Release|Any CPU.Build.0 = Release|Any CPU
		{D3FD629E-74A3-4245-AA3C-CF2AA20BB2B7}.Debug|Any CPU.ActiveCfg = Debug|Any CPU
		{D3FD629E-74A3-4245-AA3C-CF2AA20BB2B7}.Debug|Any CPU.Build.0 = Debug|Any CPU
		{D3FD629E-74A3-4245-AA3C-CF2AA20BB2B7}.Release|Any CPU.ActiveCfg = Release|Any CPU
		{D3FD629E-74A3-4245-AA3C-CF2AA20BB2B7}.Release|Any CPU.Build.0 = Release|Any CPU
		{F6FDC715-556F-4E14-B613-7B1B5B19896C}.Debug|Any CPU.ActiveCfg = Debug|Any CPU
		{F6FDC715-556F-4E14-B613-7B1B5B19896C}.Debug|Any CPU.Build.0 = Debug|Any CPU
		{F6FDC715-556F-4E14-B613-7B1B5B19896C}.Release|Any CPU.ActiveCfg = Release|Any CPU
		{F6FDC715-556F-4E14-B613-7B1B5B19896C}.Release|Any CPU.Build.0 = Release|Any CPU
	EndGlobalSection
	GlobalSection(SolutionProperties) = preSolution
		HideSolutionNode = FALSE
	EndGlobalSection
	GlobalSection(ExtensibilityGlobals) = postSolution
		SolutionGuid = {24731711-3E58-4107-9836-D1AC9CEA1DBE}
	EndGlobalSection
EndGlobal
